// !$*UTF8*$!
{
	archiveVersion = 1;
	classes = {
	};
	objectVersion = 56;
	objects = {

/* Begin PBXBuildFile section */
		75B0461929E807BB002CF289 /* VideoCacheViewController.swift in Sources */ = {isa = PBXBuildFile; fileRef = 75B0461829E807BB002CF289 /* VideoCacheViewController.swift */; };
		EF00C9F729E54A480058436D /* AppDelegate.swift in Sources */ = {isa = PBXBuildFile; fileRef = EF00C9F629E54A480058436D /* AppDelegate.swift */; };
		EF00C9F929E54A480058436D /* SceneDelegate.swift in Sources */ = {isa = PBXBuildFile; fileRef = EF00C9F829E54A480058436D /* SceneDelegate.swift */; };
		EF00C9FB29E54A480058436D /* ViewController.swift in Sources */ = {isa = PBXBuildFile; fileRef = EF00C9FA29E54A480058436D /* ViewController.swift */; };
		EF00C9FE29E54A480058436D /* Main.storyboard in Resources */ = {isa = PBXBuildFile; fileRef = EF00C9FC29E54A480058436D /* Main.storyboard */; };
		EF00CA0029E54A490058436D /* Assets.xcassets in Resources */ = {isa = PBXBuildFile; fileRef = EF00C9FF29E54A490058436D /* Assets.xcassets */; };
		EF00CA0329E54A490058436D /* LaunchScreen.storyboard in Resources */ = {isa = PBXBuildFile; fileRef = EF00CA0129E54A490058436D /* LaunchScreen.storyboard */; };
		EF00CA0C29E54C6A0058436D /* Realm in Frameworks */ = {isa = PBXBuildFile; productRef = EF00CA0B29E54C6A0058436D /* Realm */; };
		EF00CA0E29E54C6A0058436D /* RealmSwift in Frameworks */ = {isa = PBXBuildFile; productRef = EF00CA0D29E54C6A0058436D /* RealmSwift */; };
/* End PBXBuildFile section */

/* Begin PBXFileReference section */
		75B0461829E807BB002CF289 /* VideoCacheViewController.swift */ = {isa = PBXFileReference; lastKnownFileType = sourcecode.swift; path = VideoCacheViewController.swift; sourceTree = "<group>"; };
		EF00C9F329E54A480058436D /* TryingRealmUIKit.app */ = {isa = PBXFileReference; explicitFileType = wrapper.application; includeInIndex = 0; path = TryingRealmUIKit.app; sourceTree = BUILT_PRODUCTS_DIR; };
		EF00C9F629E54A480058436D /* AppDelegate.swift */ = {isa = PBXFileReference; lastKnownFileType = sourcecode.swift; path = AppDelegate.swift; sourceTree = "<group>"; };
		EF00C9F829E54A480058436D /* SceneDelegate.swift */ = {isa = PBXFileReference; lastKnownFileType = sourcecode.swift; path = SceneDelegate.swift; sourceTree = "<group>"; };
		EF00C9FA29E54A480058436D /* ViewController.swift */ = {isa = PBXFileReference; lastKnownFileType = sourcecode.swift; path = ViewController.swift; sourceTree = "<group>"; };
		EF00C9FD29E54A480058436D /* Base */ = {isa = PBXFileReference; lastKnownFileType = file.storyboard; name = Base; path = Base.lproj/Main.storyboard; sourceTree = "<group>"; };
		EF00C9FF29E54A490058436D /* Assets.xcassets */ = {isa = PBXFileReference; lastKnownFileType = folder.assetcatalog; path = Assets.xcassets; sourceTree = "<group>"; };
		EF00CA0229E54A490058436D /* Base */ = {isa = PBXFileReference; lastKnownFileType = file.storyboard; name = Base; path = Base.lproj/LaunchScreen.storyboard; sourceTree = "<group>"; };
		EF00CA0429E54A490058436D /* Info.plist */ = {isa = PBXFileReference; lastKnownFileType = text.plist.xml; path = Info.plist; sourceTree = "<group>"; };
/* End PBXFileReference section */

/* Begin PBXFrameworksBuildPhase section */
		EF00C9F029E54A480058436D /* Frameworks */ = {
			isa = PBXFrameworksBuildPhase;
			buildActionMask = 2147483647;
			files = (
				EF00CA0E29E54C6A0058436D /* RealmSwift in Frameworks */,
				EF00CA0C29E54C6A0058436D /* Realm in Frameworks */,
			);
			runOnlyForDeploymentPostprocessing = 0;
		};
/* End PBXFrameworksBuildPhase section */

/* Begin PBXGroup section */
		EF00C9EA29E54A480058436D = {
			isa = PBXGroup;
			children = (
				EF00C9F529E54A480058436D /* TryingRealmUIKit */,
				EF00C9F429E54A480058436D /* Products */,
			);
			sourceTree = "<group>";
		};
		EF00C9F429E54A480058436D /* Products */ = {
			isa = PBXGroup;
			children = (
				EF00C9F329E54A480058436D /* TryingRealmUIKit.app */,
			);
			name = Products;
			sourceTree = "<group>";
		};
		EF00C9F529E54A480058436D /* TryingRealmUIKit */ = {
			isa = PBXGroup;
			children = (
				EF00C9F629E54A480058436D /* AppDelegate.swift */,
				EF00C9F829E54A480058436D /* SceneDelegate.swift */,
				EF00C9FA29E54A480058436D /* ViewController.swift */,
				EF00C9FC29E54A480058436D /* Main.storyboard */,
				EF00C9FF29E54A490058436D /* Assets.xcassets */,
				EF00CA0129E54A490058436D /* LaunchScreen.storyboard */,
				EF00CA0429E54A490058436D /* Info.plist */,
				75B0461829E807BB002CF289 /* VideoCacheViewController.swift */,
			);
			path = TryingRealmUIKit;
			sourceTree = "<group>";
		};
/* End PBXGroup section */

/* Begin PBXNativeTarget section */
		EF00C9F229E54A480058436D /* TryingRealmUIKit */ = {
			isa = PBXNativeTarget;
			buildConfigurationList = EF00CA0729E54A490058436D /* Build configuration list for PBXNativeTarget "TryingRealmUIKit" */;
			buildPhases = (
				EF00C9EF29E54A480058436D /* Sources */,
				EF00C9F029E54A480058436D /* Frameworks */,
				EF00C9F129E54A480058436D /* Resources */,
			);
			buildRules = (
			);
			dependencies = (
			);
			name = TryingRealmUIKit;
			packageProductDependencies = (
				EF00CA0B29E54C6A0058436D /* Realm */,
				EF00CA0D29E54C6A0058436D /* RealmSwift */,
			);
			productName = TryingRealmUIKit;
			productReference = EF00C9F329E54A480058436D /* TryingRealmUIKit.app */;
			productType = "com.apple.product-type.application";
		};
/* End PBXNativeTarget section */

/* Begin PBXProject section */
		EF00C9EB29E54A480058436D /* Project object */ = {
			isa = PBXProject;
			attributes = {
				BuildIndependentTargetsInParallel = 1;
				LastSwiftUpdateCheck = 1420;
				LastUpgradeCheck = 1420;
				TargetAttributes = {
					EF00C9F229E54A480058436D = {
						CreatedOnToolsVersion = 14.2;
					};
				};
			};
			buildConfigurationList = EF00C9EE29E54A480058436D /* Build configuration list for PBXProject "TryingRealmUIKit" */;
			compatibilityVersion = "Xcode 14.0";
			developmentRegion = en;
			hasScannedForEncodings = 0;
			knownRegions = (
				en,
				Base,
			);
			mainGroup = EF00C9EA29E54A480058436D;
			packageReferences = (
				EF00CA0A29E54C6A0058436D /* XCRemoteSwiftPackageReference "realm-swift" */,
			);
			productRefGroup = EF00C9F429E54A480058436D /* Products */;
			projectDirPath = "";
			projectRoot = "";
			targets = (
				EF00C9F229E54A480058436D /* TryingRealmUIKit */,
			);
		};
/* End PBXProject section */

/* Begin PBXResourcesBuildPhase section */
		EF00C9F129E54A480058436D /* Resources */ = {
			isa = PBXResourcesBuildPhase;
			buildActionMask = 2147483647;
			files = (
				EF00CA0329E54A490058436D /* LaunchScreen.storyboard in Resources */,
				EF00CA0029E54A490058436D /* Assets.xcassets in Resources */,
				EF00C9FE29E54A480058436D /* Main.storyboard in Resources */,
			);
			runOnlyForDeploymentPostprocessing = 0;
		};
/* End PBXResourcesBuildPhase section */

/* Begin PBXSourcesBuildPhase section */
		EF00C9EF29E54A480058436D /* Sources */ = {
			isa = PBXSourcesBuildPhase;
			buildActionMask = 2147483647;
			files = (
				EF00C9FB29E54A480058436D /* ViewController.swift in Sources */,
				EF00C9F729E54A480058436D /* AppDelegate.swift in Sources */,
				EF00C9F929E54A480058436D /* SceneDelegate.swift in Sources */,
				75B0461929E807BB002CF289 /* VideoCacheViewController.swift in Sources */,
			);
			runOnlyForDeploymentPostprocessing = 0;
		};
/* End PBXSourcesBuildPhase section */

/* Begin PBXVariantGroup section */
		EF00C9FC29E54A480058436D /* Main.storyboard */ = {
			isa = PBXVariantGroup;
			children = (
				EF00C9FD29E54A480058436D /* Base */,
			);
			name = Main.storyboard;
			sourceTree = "<group>";
		};
		EF00CA0129E54A490058436D /* LaunchScreen.storyboard */ = {
			isa = PBXVariantGroup;
			children = (
				EF00CA0229E54A490058436D /* Base */,
			);
			name = LaunchScreen.storyboard;
			sourceTree = "<group>";
		};
/* End PBXVariantGroup section */

/* Begin XCBuildConfiguration section */
		EF00CA0529E54A490058436D /* Debug */ = {
			isa = XCBuildConfiguration;
			buildSettings = {
				ALWAYS_SEARCH_USER_PATHS = NO;
				CLANG_ANALYZER_NONNULL = YES;
				CLANG_ANALYZER_NUMBER_OBJECT_CONVERSION = YES_AGGRESSIVE;
				CLANG_CXX_LANGUAGE_STANDARD = "gnu++20";
				CLANG_ENABLE_MODULES = YES;
				CLANG_ENABLE_OBJC_ARC = YES;
				CLANG_ENABLE_OBJC_WEAK = YES;
				CLANG_WARN_BLOCK_CAPTURE_AUTORELEASING = YES;
				CLANG_WARN_BOOL_CONVERSION = YES;
				CLANG_WARN_COMMA = YES;
				CLANG_WARN_CONSTANT_CONVERSION = YES;
				CLANG_WARN_DEPRECATED_OBJC_IMPLEMENTATIONS = YES;
				CLANG_WARN_DIRECT_OBJC_ISA_USAGE = YES_ERROR;
				CLANG_WARN_DOCUMENTATION_COMMENTS = YES;
				CLANG_WARN_EMPTY_BODY = YES;
				CLANG_WARN_ENUM_CONVERSION = YES;
				CLANG_WARN_INFINITE_RECURSION = YES;
				CLANG_WARN_INT_CONVERSION = YES;
				CLANG_WARN_NON_LITERAL_NULL_CONVERSION = YES;
				CLANG_WARN_OBJC_IMPLICIT_RETAIN_SELF = YES;
				CLANG_WARN_OBJC_LITERAL_CONVERSION = YES;
				CLANG_WARN_OBJC_ROOT_CLASS = YES_ERROR;
				CLANG_WARN_QUOTED_INCLUDE_IN_FRAMEWORK_HEADER = YES;
				CLANG_WARN_RANGE_LOOP_ANALYSIS = YES;
				CLANG_WARN_STRICT_PROTOTYPES = YES;
				CLANG_WARN_SUSPICIOUS_MOVE = YES;
				CLANG_WARN_UNGUARDED_AVAILABILITY = YES_AGGRESSIVE;
				CLANG_WARN_UNREACHABLE_CODE = YES;
				CLANG_WARN__DUPLICATE_METHOD_MATCH = YES;
				COPY_PHASE_STRIP = NO;
				DEBUG_INFORMATION_FORMAT = dwarf;
				ENABLE_STRICT_OBJC_MSGSEND = YES;
				ENABLE_TESTABILITY = YES;
				GCC_C_LANGUAGE_STANDARD = gnu11;
				GCC_DYNAMIC_NO_PIC = NO;
				GCC_NO_COMMON_BLOCKS = YES;
				GCC_OPTIMIZATION_LEVEL = 0;
				GCC_PREPROCESSOR_DEFINITIONS = (
					"DEBUG=1",
					"$(inherited)",
				);
				GCC_WARN_64_TO_32_BIT_CONVERSION = YES;
				GCC_WARN_ABOUT_RETURN_TYPE = YES_ERROR;
				GCC_WARN_UNDECLARED_SELECTOR = YES;
				GCC_WARN_UNINITIALIZED_AUTOS = YES_AGGRESSIVE;
				GCC_WARN_UNUSED_FUNCTION = YES;
				GCC_WARN_UNUSED_VARIABLE = YES;
				IPHONEOS_DEPLOYMENT_TARGET = 16.2;
				MTL_ENABLE_DEBUG_INFO = INCLUDE_SOURCE;
				MTL_FAST_MATH = YES;
				ONLY_ACTIVE_ARCH = YES;
				SDKROOT = iphoneos;
				SWIFT_ACTIVE_COMPILATION_CONDITIONS = DEBUG;
				SWIFT_OPTIMIZATION_LEVEL = "-Onone";
			};
			name = Debug;
		};
		EF00CA0629E54A490058436D /* Release */ = {
			isa = XCBuildConfiguration;
			buildSettings = {
				ALWAYS_SEARCH_USER_PATHS = NO;
				CLANG_ANALYZER_NONNULL = YES;
				CLANG_ANALYZER_NUMBER_OBJECT_CONVERSION = YES_AGGRESSIVE;
				CLANG_CXX_LANGUAGE_STANDARD = "gnu++20";
				CLANG_ENABLE_MODULES = YES;
				CLANG_ENABLE_OBJC_ARC = YES;
				CLANG_ENABLE_OBJC_WEAK = YES;
				CLANG_WARN_BLOCK_CAPTURE_AUTORELEASING = YES;
				CLANG_WARN_BOOL_CONVERSION = YES;
				CLANG_WARN_COMMA = YES;
				CLANG_WARN_CONSTANT_CONVERSION = YES;
				CLANG_WARN_DEPRECATED_OBJC_IMPLEMENTATIONS = YES;
				CLANG_WARN_DIRECT_OBJC_ISA_USAGE = YES_ERROR;
				CLANG_WARN_DOCUMENTATION_COMMENTS = YES;
				CLANG_WARN_EMPTY_BODY = YES;
				CLANG_WARN_ENUM_CONVERSION = YES;
				CLANG_WARN_INFINITE_RECURSION = YES;
				CLANG_WARN_INT_CONVERSION = YES;
				CLANG_WARN_NON_LITERAL_NULL_CONVERSION = YES;
				CLANG_WARN_OBJC_IMPLICIT_RETAIN_SELF = YES;
				CLANG_WARN_OBJC_LITERAL_CONVERSION = YES;
				CLANG_WARN_OBJC_ROOT_CLASS = YES_ERROR;
				CLANG_WARN_QUOTED_INCLUDE_IN_FRAMEWORK_HEADER = YES;
				CLANG_WARN_RANGE_LOOP_ANALYSIS = YES;
				CLANG_WARN_STRICT_PROTOTYPES = YES;
				CLANG_WARN_SUSPICIOUS_MOVE = YES;
				CLANG_WARN_UNGUARDED_AVAILABILITY = YES_AGGRESSIVE;
				CLANG_WARN_UNREACHABLE_CODE = YES;
				CLANG_WARN__DUPLICATE_METHOD_MATCH = YES;
				COPY_PHASE_STRIP = NO;
				DEBUG_INFORMATION_FORMAT = "dwarf-with-dsym";
				ENABLE_NS_ASSERTIONS = NO;
				ENABLE_STRICT_OBJC_MSGSEND = YES;
				GCC_C_LANGUAGE_STANDARD = gnu11;
				GCC_NO_COMMON_BLOCKS = YES;
				GCC_WARN_64_TO_32_BIT_CONVERSION = YES;
				GCC_WARN_ABOUT_RETURN_TYPE = YES_ERROR;
				GCC_WARN_UNDECLARED_SELECTOR = YES;
				GCC_WARN_UNINITIALIZED_AUTOS = YES_AGGRESSIVE;
				GCC_WARN_UNUSED_FUNCTION = YES;
				GCC_WARN_UNUSED_VARIABLE = YES;
				IPHONEOS_DEPLOYMENT_TARGET = 16.2;
				MTL_ENABLE_DEBUG_INFO = NO;
				MTL_FAST_MATH = YES;
				SDKROOT = iphoneos;
				SWIFT_COMPILATION_MODE = wholemodule;
				SWIFT_OPTIMIZATION_LEVEL = "-O";
				VALIDATE_PRODUCT = YES;
			};
			name = Release;
		};
		EF00CA0829E54A490058436D /* Debug */ = {
			isa = XCBuildConfiguration;
			buildSettings = {
				ASSETCATALOG_COMPILER_APPICON_NAME = AppIcon;
				ASSETCATALOG_COMPILER_GLOBAL_ACCENT_COLOR_NAME = AccentColor;
				CODE_SIGN_STYLE = Automatic;
				CURRENT_PROJECT_VERSION = 1;
				DEVELOPMENT_TEAM = 877W3Y5LK2;
				GENERATE_INFOPLIST_FILE = YES;
				INFOPLIST_FILE = TryingRealmUIKit/Info.plist;
				INFOPLIST_KEY_UIApplicationSupportsIndirectInputEvents = YES;
				INFOPLIST_KEY_UILaunchStoryboardName = LaunchScreen;
				INFOPLIST_KEY_UIMainStoryboardFile = Main;
				INFOPLIST_KEY_UISupportedInterfaceOrientations_iPad = "UIInterfaceOrientationPortrait UIInterfaceOrientationPortraitUpsideDown UIInterfaceOrientationLandscapeLeft UIInterfaceOrientationLandscapeRight";
				INFOPLIST_KEY_UISupportedInterfaceOrientations_iPhone = "UIInterfaceOrientationPortrait UIInterfaceOrientationLandscapeLeft UIInterfaceOrientationLandscapeRight";
				LD_RUNPATH_SEARCH_PATHS = (
					"$(inherited)",
					"@executable_path/Frameworks",
				);
				MARKETING_VERSION = 1.0;
				PRODUCT_BUNDLE_IDENTIFIER = com.ArapApp.TryingRealmUIKit;
				PRODUCT_NAME = "$(TARGET_NAME)";
				SWIFT_EMIT_LOC_STRINGS = YES;
				SWIFT_VERSION = 5.0;
				TARGETED_DEVICE_FAMILY = "1,2";
			};
			name = Debug;
		};
		EF00CA0929E54A490058436D /* Release */ = {
			isa = XCBuildConfiguration;
			buildSettings = {
				ASSETCATALOG_COMPILER_APPICON_NAME = AppIcon;
				ASSETCATALOG_COMPILER_GLOBAL_ACCENT_COLOR_NAME = AccentColor;
				CODE_SIGN_STYLE = Automatic;
				CURRENT_PROJECT_VERSION = 1;
				DEVELOPMENT_TEAM = 877W3Y5LK2;
				GENERATE_INFOPLIST_FILE = YES;
				INFOPLIST_FILE = TryingRealmUIKit/Info.plist;
				INFOPLIST_KEY_UIApplicationSupportsIndirectInputEvents = YES;
				INFOPLIST_KEY_UILaunchStoryboardName = LaunchScreen;
				INFOPLIST_KEY_UIMainStoryboardFile = Main;
				INFOPLIST_KEY_UISupportedInterfaceOrientations_iPad = "UIInterfaceOrientationPortrait UIInterfaceOrientationPortraitUpsideDown UIInterfaceOrientationLandscapeLeft UIInterfaceOrientationLandscapeRight";
				INFOPLIST_KEY_UISupportedInterfaceOrientations_iPhone = "UIInterfaceOrientationPortrait UIInterfaceOrientationLandscapeLeft UIInterfaceOrientationLandscapeRight";
				LD_RUNPATH_SEARCH_PATHS = (
					"$(inherited)",
					"@executable_path/Frameworks",
				);
				MARKETING_VERSION = 1.0;
				PRODUCT_BUNDLE_IDENTIFIER = com.ArapApp.TryingRealmUIKit;
				PRODUCT_NAME = "$(TARGET_NAME)";
				SWIFT_EMIT_LOC_STRINGS = YES;
				SWIFT_VERSION = 5.0;
				TARGETED_DEVICE_FAMILY = "1,2";
			};
			name = Release;
		};
/* End XCBuildConfiguration section */

/* Begin XCConfigurationList section */
		EF00C9EE29E54A480058436D /* Build configuration list for PBXProject "TryingRealmUIKit" */ = {
			isa = XCConfigurationList;
			buildConfigurations = (
				EF00CA0529E54A490058436D /* Debug */,
				EF00CA0629E54A490058436D /* Release */,
			);
			defaultConfigurationIsVisible = 0;
			defaultConfigurationName = Release;
		};
		EF00CA0729E54A490058436D /* Build configuration list for PBXNativeTarget "TryingRealmUIKit" */ = {
			isa = XCConfigurationList;
			buildConfigurations = (
				EF00CA0829E54A490058436D /* Debug */,
				EF00CA0929E54A490058436D /* Release */,
			);
			defaultConfigurationIsVisible = 0;
			defaultConfigurationName = Release;
		};
/* End XCConfigurationList section */

/* Begin XCRemoteSwiftPackageReference section */
		EF00CA0A29E54C6A0058436D /* XCRemoteSwiftPackageReference "realm-swift" */ = {
			isa = XCRemoteSwiftPackageReference;
			repositoryURL = "https://github.com/realm/realm-swift.git";
			requirement = {
				branch = master;
				kind = branch;
			};
		};
/* End XCRemoteSwiftPackageReference section */

/* Begin XCSwiftPackageProductDependency section */
		EF00CA0B29E54C6A0058436D /* Realm */ = {
			isa = XCSwiftPackageProductDependency;
			package = EF00CA0A29E54C6A0058436D /* XCRemoteSwiftPackageReference "realm-swift" */;
			productName = Realm;
		};
		EF00CA0D29E54C6A0058436D /* RealmSwift */ = {
			isa = XCSwiftPackageProductDependency;
			package = EF00CA0A29E54C6A0058436D /* XCRemoteSwiftPackageReference "realm-swift" */;
			productName = RealmSwift;
		};
/* End XCSwiftPackageProductDependency section */
	};
	rootObject = EF00C9EB29E54A480058436D /* Project object */;
}
